// !$*UTF8*$!
{
	archiveVersion = 1;
	classes = {
	};
	objectVersion = 55;
	objects = {

/* Begin PBXBuildFile section */
		845A8E48274118490054FBA5 /* ShadedRectangle.swift in Sources */ = {isa = PBXBuildFile; fileRef = 845A8E47274118490054FBA5 /* ShadedRectangle.swift */; };
		845A8E49274118490054FBA5 /* ShadedRectangle.swift in Sources */ = {isa = PBXBuildFile; fileRef = 845A8E47274118490054FBA5 /* ShadedRectangle.swift */; };
		84CD480B2746A24500EC51CA /* Extension+Color.swift in Sources */ = {isa = PBXBuildFile; fileRef = 84CD480A2746A24500EC51CA /* Extension+Color.swift */; };
		84CD480C2746A24500EC51CA /* Extension+Color.swift in Sources */ = {isa = PBXBuildFile; fileRef = 84CD480A2746A24500EC51CA /* Extension+Color.swift */; };
		84E282842739B6B500D21AD1 /* Tests_iOS.swift in Sources */ = {isa = PBXBuildFile; fileRef = 84E282832739B6B500D21AD1 /* Tests_iOS.swift */; };
		84E282862739B6B500D21AD1 /* Tests_iOSLaunchTests.swift in Sources */ = {isa = PBXBuildFile; fileRef = 84E282852739B6B500D21AD1 /* Tests_iOSLaunchTests.swift */; };
		84E282902739B6B500D21AD1 /* Tests_macOS.swift in Sources */ = {isa = PBXBuildFile; fileRef = 84E2828F2739B6B500D21AD1 /* Tests_macOS.swift */; };
		84E282922739B6B500D21AD1 /* Tests_macOSLaunchTests.swift in Sources */ = {isa = PBXBuildFile; fileRef = 84E282912739B6B500D21AD1 /* Tests_macOSLaunchTests.swift */; };
		84E282932739B6B500D21AD1 /* GenerativeArtApp.swift in Sources */ = {isa = PBXBuildFile; fileRef = 84E2826B2739B6B300D21AD1 /* GenerativeArtApp.swift */; };
		84E282942739B6B500D21AD1 /* GenerativeArtApp.swift in Sources */ = {isa = PBXBuildFile; fileRef = 84E2826B2739B6B300D21AD1 /* GenerativeArtApp.swift */; };
		84E282952739B6B500D21AD1 /* ContentView.swift in Sources */ = {isa = PBXBuildFile; fileRef = 84E2826C2739B6B300D21AD1 /* ContentView.swift */; };
		84E282962739B6B500D21AD1 /* ContentView.swift in Sources */ = {isa = PBXBuildFile; fileRef = 84E2826C2739B6B300D21AD1 /* ContentView.swift */; };
		84E282972739B6B500D21AD1 /* Assets.xcassets in Resources */ = {isa = PBXBuildFile; fileRef = 84E2826D2739B6B500D21AD1 /* Assets.xcassets */; };
		84E282982739B6B500D21AD1 /* Assets.xcassets in Resources */ = {isa = PBXBuildFile; fileRef = 84E2826D2739B6B500D21AD1 /* Assets.xcassets */; };
		84E282A82739B89B00D21AD1 /* Node.swift in Sources */ = {isa = PBXBuildFile; fileRef = 84E282A72739B89B00D21AD1 /* Node.swift */; };
		84E282A92739B89B00D21AD1 /* Node.swift in Sources */ = {isa = PBXBuildFile; fileRef = 84E282A72739B89B00D21AD1 /* Node.swift */; };
		84E282AB2739C66B00D21AD1 /* Extension+CGPoint.swift in Sources */ = {isa = PBXBuildFile; fileRef = 84E282AA2739C66B00D21AD1 /* Extension+CGPoint.swift */; };
		84E282AC2739C66B00D21AD1 /* Extension+CGPoint.swift in Sources */ = {isa = PBXBuildFile; fileRef = 84E282AA2739C66B00D21AD1 /* Extension+CGPoint.swift */; };
		84E282AE273B6D7200D21AD1 /* Tree.swift in Sources */ = {isa = PBXBuildFile; fileRef = 84E282AD273B6D7200D21AD1 /* Tree.swift */; };
		84E282AF273B6D7200D21AD1 /* Tree.swift in Sources */ = {isa = PBXBuildFile; fileRef = 84E282AD273B6D7200D21AD1 /* Tree.swift */; };
/* End PBXBuildFile section */

/* Begin PBXContainerItemProxy section */
		84E282802739B6B500D21AD1 /* PBXContainerItemProxy */ = {
			isa = PBXContainerItemProxy;
			containerPortal = 84E282662739B6B300D21AD1 /* Project object */;
			proxyType = 1;
			remoteGlobalIDString = 84E282712739B6B500D21AD1;
			remoteInfo = "GenerativeArt (iOS)";
		};
		84E2828C2739B6B500D21AD1 /* PBXContainerItemProxy */ = {
			isa = PBXContainerItemProxy;
			containerPortal = 84E282662739B6B300D21AD1 /* Project object */;
			proxyType = 1;
			remoteGlobalIDString = 84E282772739B6B500D21AD1;
			remoteInfo = "GenerativeArt (macOS)";
		};
/* End PBXContainerItemProxy section */

/* Begin PBXFileReference section */
		845A8E47274118490054FBA5 /* ShadedRectangle.swift */ = {isa = PBXFileReference; lastKnownFileType = sourcecode.swift; path = ShadedRectangle.swift; sourceTree = "<group>"; };
		84CD480A2746A24500EC51CA /* Extension+Color.swift */ = {isa = PBXFileReference; lastKnownFileType = sourcecode.swift; path = "Extension+Color.swift"; sourceTree = "<group>"; };
		84E2826B2739B6B300D21AD1 /* GenerativeArtApp.swift */ = {isa = PBXFileReference; lastKnownFileType = sourcecode.swift; path = GenerativeArtApp.swift; sourceTree = "<group>"; };
		84E2826C2739B6B300D21AD1 /* ContentView.swift */ = {isa = PBXFileReference; lastKnownFileType = sourcecode.swift; path = ContentView.swift; sourceTree = "<group>"; };
		84E2826D2739B6B500D21AD1 /* Assets.xcassets */ = {isa = PBXFileReference; lastKnownFileType = folder.assetcatalog; path = Assets.xcassets; sourceTree = "<group>"; };
		84E282722739B6B500D21AD1 /* GenerativeArt.app */ = {isa = PBXFileReference; explicitFileType = wrapper.application; includeInIndex = 0; path = GenerativeArt.app; sourceTree = BUILT_PRODUCTS_DIR; };
		84E282782739B6B500D21AD1 /* GenerativeArt.app */ = {isa = PBXFileReference; explicitFileType = wrapper.application; includeInIndex = 0; path = GenerativeArt.app; sourceTree = BUILT_PRODUCTS_DIR; };
		84E2827A2739B6B500D21AD1 /* macOS.entitlements */ = {isa = PBXFileReference; lastKnownFileType = text.plist.entitlements; path = macOS.entitlements; sourceTree = "<group>"; };
		84E2827F2739B6B500D21AD1 /* Tests iOS.xctest */ = {isa = PBXFileReference; explicitFileType = wrapper.cfbundle; includeInIndex = 0; path = "Tests iOS.xctest"; sourceTree = BUILT_PRODUCTS_DIR; };
		84E282832739B6B500D21AD1 /* Tests_iOS.swift */ = {isa = PBXFileReference; lastKnownFileType = sourcecode.swift; path = Tests_iOS.swift; sourceTree = "<group>"; };
		84E282852739B6B500D21AD1 /* Tests_iOSLaunchTests.swift */ = {isa = PBXFileReference; lastKnownFileType = sourcecode.swift; path = Tests_iOSLaunchTests.swift; sourceTree = "<group>"; };
		84E2828B2739B6B500D21AD1 /* Tests macOS.xctest */ = {isa = PBXFileReference; explicitFileType = wrapper.cfbundle; includeInIndex = 0; path = "Tests macOS.xctest"; sourceTree = BUILT_PRODUCTS_DIR; };
		84E2828F2739B6B500D21AD1 /* Tests_macOS.swift */ = {isa = PBXFileReference; lastKnownFileType = sourcecode.swift; path = Tests_macOS.swift; sourceTree = "<group>"; };
		84E282912739B6B500D21AD1 /* Tests_macOSLaunchTests.swift */ = {isa = PBXFileReference; lastKnownFileType = sourcecode.swift; path = Tests_macOSLaunchTests.swift; sourceTree = "<group>"; };
		84E282A72739B89B00D21AD1 /* Node.swift */ = {isa = PBXFileReference; lastKnownFileType = sourcecode.swift; path = Node.swift; sourceTree = "<group>"; };
		84E282AA2739C66B00D21AD1 /* Extension+CGPoint.swift */ = {isa = PBXFileReference; lastKnownFileType = sourcecode.swift; path = "Extension+CGPoint.swift"; sourceTree = "<group>"; };
		84E282AD273B6D7200D21AD1 /* Tree.swift */ = {isa = PBXFileReference; lastKnownFileType = sourcecode.swift; path = Tree.swift; sourceTree = "<group>"; };
/* End PBXFileReference section */

/* Begin PBXFrameworksBuildPhase section */
		84E2826F2739B6B500D21AD1 /* Frameworks */ = {
			isa = PBXFrameworksBuildPhase;
			buildActionMask = 2147483647;
			files = (
			);
			runOnlyForDeploymentPostprocessing = 0;
		};
		84E282752739B6B500D21AD1 /* Frameworks */ = {
			isa = PBXFrameworksBuildPhase;
			buildActionMask = 2147483647;
			files = (
			);
			runOnlyForDeploymentPostprocessing = 0;
		};
		84E2827C2739B6B500D21AD1 /* Frameworks */ = {
			isa = PBXFrameworksBuildPhase;
			buildActionMask = 2147483647;
			files = (
			);
			runOnlyForDeploymentPostprocessing = 0;
		};
		84E282882739B6B500D21AD1 /* Frameworks */ = {
			isa = PBXFrameworksBuildPhase;
			buildActionMask = 2147483647;
			files = (
			);
			runOnlyForDeploymentPostprocessing = 0;
		};
/* End PBXFrameworksBuildPhase section */

/* Begin PBXGroup section */
		84E282652739B6B300D21AD1 = {
			isa = PBXGroup;
			children = (
				84E2826A2739B6B300D21AD1 /* Shared */,
				84E282792739B6B500D21AD1 /* macOS */,
				84E282822739B6B500D21AD1 /* Tests iOS */,
				84E2828E2739B6B500D21AD1 /* Tests macOS */,
				84E282732739B6B500D21AD1 /* Products */,
			);
			sourceTree = "<group>";
		};
		84E2826A2739B6B300D21AD1 /* Shared */ = {
			isa = PBXGroup;
			children = (
				84E2826B2739B6B300D21AD1 /* GenerativeArtApp.swift */,
				84E2826C2739B6B300D21AD1 /* ContentView.swift */,
				845A8E47274118490054FBA5 /* ShadedRectangle.swift */,
				84E282A72739B89B00D21AD1 /* Node.swift */,
				84E282AD273B6D7200D21AD1 /* Tree.swift */,
				84CD480A2746A24500EC51CA /* Extension+Color.swift */,
				84E282AA2739C66B00D21AD1 /* Extension+CGPoint.swift */,
				84E2826D2739B6B500D21AD1 /* Assets.xcassets */,
			);
			path = Shared;
			sourceTree = "<group>";
		};
		84E282732739B6B500D21AD1 /* Products */ = {
			isa = PBXGroup;
			children = (
				84E282722739B6B500D21AD1 /* GenerativeArt.app */,
				84E282782739B6B500D21AD1 /* GenerativeArt.app */,
				84E2827F2739B6B500D21AD1 /* Tests iOS.xctest */,
				84E2828B2739B6B500D21AD1 /* Tests macOS.xctest */,
			);
			name = Products;
			sourceTree = "<group>";
		};
		84E282792739B6B500D21AD1 /* macOS */ = {
			isa = PBXGroup;
			children = (
				84E2827A2739B6B500D21AD1 /* macOS.entitlements */,
			);
			path = macOS;
			sourceTree = "<group>";
		};
		84E282822739B6B500D21AD1 /* Tests iOS */ = {
			isa = PBXGroup;
			children = (
				84E282832739B6B500D21AD1 /* Tests_iOS.swift */,
				84E282852739B6B500D21AD1 /* Tests_iOSLaunchTests.swift */,
			);
			path = "Tests iOS";
			sourceTree = "<group>";
		};
		84E2828E2739B6B500D21AD1 /* Tests macOS */ = {
			isa = PBXGroup;
			children = (
				84E2828F2739B6B500D21AD1 /* Tests_macOS.swift */,
				84E282912739B6B500D21AD1 /* Tests_macOSLaunchTests.swift */,
			);
			path = "Tests macOS";
			sourceTree = "<group>";
		};
/* End PBXGroup section */

/* Begin PBXNativeTarget section */
		84E282712739B6B500D21AD1 /* GenerativeArt (iOS) */ = {
			isa = PBXNativeTarget;
			buildConfigurationList = 84E2829B2739B6B500D21AD1 /* Build configuration list for PBXNativeTarget "GenerativeArt (iOS)" */;
			buildPhases = (
				84E2826E2739B6B500D21AD1 /* Sources */,
				84E2826F2739B6B500D21AD1 /* Frameworks */,
				84E282702739B6B500D21AD1 /* Resources */,
			);
			buildRules = (
			);
			dependencies = (
			);
			name = "GenerativeArt (iOS)";
			productName = "GenerativeArt (iOS)";
			productReference = 84E282722739B6B500D21AD1 /* GenerativeArt.app */;
			productType = "com.apple.product-type.application";
		};
		84E282772739B6B500D21AD1 /* GenerativeArt (macOS) */ = {
			isa = PBXNativeTarget;
			buildConfigurationList = 84E2829E2739B6B500D21AD1 /* Build configuration list for PBXNativeTarget "GenerativeArt (macOS)" */;
			buildPhases = (
				84E282742739B6B500D21AD1 /* Sources */,
				84E282752739B6B500D21AD1 /* Frameworks */,
				84E282762739B6B500D21AD1 /* Resources */,
			);
			buildRules = (
			);
			dependencies = (
			);
			name = "GenerativeArt (macOS)";
			productName = "GenerativeArt (macOS)";
			productReference = 84E282782739B6B500D21AD1 /* GenerativeArt.app */;
			productType = "com.apple.product-type.application";
		};
		84E2827E2739B6B500D21AD1 /* Tests iOS */ = {
			isa = PBXNativeTarget;
			buildConfigurationList = 84E282A12739B6B500D21AD1 /* Build configuration list for PBXNativeTarget "Tests iOS" */;
			buildPhases = (
				84E2827B2739B6B500D21AD1 /* Sources */,
				84E2827C2739B6B500D21AD1 /* Frameworks */,
				84E2827D2739B6B500D21AD1 /* Resources */,
			);
			buildRules = (
			);
			dependencies = (
				84E282812739B6B500D21AD1 /* PBXTargetDependency */,
			);
			name = "Tests iOS";
			productName = "Tests iOS";
			productReference = 84E2827F2739B6B500D21AD1 /* Tests iOS.xctest */;
			productType = "com.apple.product-type.bundle.ui-testing";
		};
		84E2828A2739B6B500D21AD1 /* Tests macOS */ = {
			isa = PBXNativeTarget;
			buildConfigurationList = 84E282A42739B6B500D21AD1 /* Build configuration list for PBXNativeTarget "Tests macOS" */;
			buildPhases = (
				84E282872739B6B500D21AD1 /* Sources */,
				84E282882739B6B500D21AD1 /* Frameworks */,
				84E282892739B6B500D21AD1 /* Resources */,
			);
			buildRules = (
			);
			dependencies = (
				84E2828D2739B6B500D21AD1 /* PBXTargetDependency */,
			);
			name = "Tests macOS";
			productName = "Tests macOS";
			productReference = 84E2828B2739B6B500D21AD1 /* Tests macOS.xctest */;
			productType = "com.apple.product-type.bundle.ui-testing";
		};
/* End PBXNativeTarget section */

/* Begin PBXProject section */
		84E282662739B6B300D21AD1 /* Project object */ = {
			isa = PBXProject;
			attributes = {
				BuildIndependentTargetsInParallel = 1;
				LastSwiftUpdateCheck = 1310;
				LastUpgradeCheck = 1310;
				TargetAttributes = {
					84E282712739B6B500D21AD1 = {
						CreatedOnToolsVersion = 13.1;
					};
					84E282772739B6B500D21AD1 = {
						CreatedOnToolsVersion = 13.1;
					};
					84E2827E2739B6B500D21AD1 = {
						CreatedOnToolsVersion = 13.1;
						TestTargetID = 84E282712739B6B500D21AD1;
					};
					84E2828A2739B6B500D21AD1 = {
						CreatedOnToolsVersion = 13.1;
						TestTargetID = 84E282772739B6B500D21AD1;
					};
				};
			};
			buildConfigurationList = 84E282692739B6B300D21AD1 /* Build configuration list for PBXProject "GenerativeArt" */;
			compatibilityVersion = "Xcode 13.0";
			developmentRegion = en;
			hasScannedForEncodings = 0;
			knownRegions = (
				en,
				Base,
			);
			mainGroup = 84E282652739B6B300D21AD1;
			productRefGroup = 84E282732739B6B500D21AD1 /* Products */;
			projectDirPath = "";
			projectRoot = "";
			targets = (
				84E282712739B6B500D21AD1 /* GenerativeArt (iOS) */,
				84E282772739B6B500D21AD1 /* GenerativeArt (macOS) */,
				84E2827E2739B6B500D21AD1 /* Tests iOS */,
				84E2828A2739B6B500D21AD1 /* Tests macOS */,
			);
		};
/* End PBXProject section */

/* Begin PBXResourcesBuildPhase section */
		84E282702739B6B500D21AD1 /* Resources */ = {
			isa = PBXResourcesBuildPhase;
			buildActionMask = 2147483647;
			files = (
				84E282972739B6B500D21AD1 /* Assets.xcassets in Resources */,
			);
			runOnlyForDeploymentPostprocessing = 0;
		};
		84E282762739B6B500D21AD1 /* Resources */ = {
			isa = PBXResourcesBuildPhase;
			buildActionMask = 2147483647;
			files = (
				84E282982739B6B500D21AD1 /* Assets.xcassets in Resources */,
			);
			runOnlyForDeploymentPostprocessing = 0;
		};
		84E2827D2739B6B500D21AD1 /* Resources */ = {
			isa = PBXResourcesBuildPhase;
			buildActionMask = 2147483647;
			files = (
			);
			runOnlyForDeploymentPostprocessing = 0;
		};
		84E282892739B6B500D21AD1 /* Resources */ = {
			isa = PBXResourcesBuildPhase;
			buildActionMask = 2147483647;
			files = (
			);
			runOnlyForDeploymentPostprocessing = 0;
		};
/* End PBXResourcesBuildPhase section */

/* Begin PBXSourcesBuildPhase section */
		84E2826E2739B6B500D21AD1 /* Sources */ = {
			isa = PBXSourcesBuildPhase;
			buildActionMask = 2147483647;
			files = (
				845A8E48274118490054FBA5 /* ShadedRectangle.swift in Sources */,
				84E282AE273B6D7200D21AD1 /* Tree.swift in Sources */,
				84CD480B2746A24500EC51CA /* Extension+Color.swift in Sources */,
				84E282A82739B89B00D21AD1 /* Node.swift in Sources */,
				84E282952739B6B500D21AD1 /* ContentView.swift in Sources */,
				84E282AB2739C66B00D21AD1 /* Extension+CGPoint.swift in Sources */,
				84E282932739B6B500D21AD1 /* GenerativeArtApp.swift in Sources */,
			);
			runOnlyForDeploymentPostprocessing = 0;
		};
		84E282742739B6B500D21AD1 /* Sources */ = {
			isa = PBXSourcesBuildPhase;
			buildActionMask = 2147483647;
			files = (
				845A8E49274118490054FBA5 /* ShadedRectangle.swift in Sources */,
				84E282AF273B6D7200D21AD1 /* Tree.swift in Sources */,
				84CD480C2746A24500EC51CA /* Extension+Color.swift in Sources */,
				84E282A92739B89B00D21AD1 /* Node.swift in Sources */,
				84E282962739B6B500D21AD1 /* ContentView.swift in Sources */,
				84E282AC2739C66B00D21AD1 /* Extension+CGPoint.swift in Sources */,
				84E282942739B6B500D21AD1 /* GenerativeArtApp.swift in Sources */,
			);
			runOnlyForDeploymentPostprocessing = 0;
		};
		84E2827B2739B6B500D21AD1 /* Sources */ = {
			isa = PBXSourcesBuildPhase;
			buildActionMask = 2147483647;
			files = (
				84E282862739B6B500D21AD1 /* Tests_iOSLaunchTests.swift in Sources */,
				84E282842739B6B500D21AD1 /* Tests_iOS.swift in Sources */,
			);
			runOnlyForDeploymentPostprocessing = 0;
		};
		84E282872739B6B500D21AD1 /* Sources */ = {
			isa = PBXSourcesBuildPhase;
			buildActionMask = 2147483647;
			files = (
				84E282922739B6B500D21AD1 /* Tests_macOSLaunchTests.swift in Sources */,
				84E282902739B6B500D21AD1 /* Tests_macOS.swift in Sources */,
			);
			runOnlyForDeploymentPostprocessing = 0;
		};
/* End PBXSourcesBuildPhase section */

/* Begin PBXTargetDependency section */
		84E282812739B6B500D21AD1 /* PBXTargetDependency */ = {
			isa = PBXTargetDependency;
			target = 84E282712739B6B500D21AD1 /* GenerativeArt (iOS) */;
			targetProxy = 84E282802739B6B500D21AD1 /* PBXContainerItemProxy */;
		};
		84E2828D2739B6B500D21AD1 /* PBXTargetDependency */ = {
			isa = PBXTargetDependency;
			target = 84E282772739B6B500D21AD1 /* GenerativeArt (macOS) */;
			targetProxy = 84E2828C2739B6B500D21AD1 /* PBXContainerItemProxy */;
		};
/* End PBXTargetDependency section */

/* Begin XCBuildConfiguration section */
		84E282992739B6B500D21AD1 /* Debug */ = {
			isa = XCBuildConfiguration;
			buildSettings = {
				ALWAYS_SEARCH_USER_PATHS = NO;
				CLANG_ANALYZER_NONNULL = YES;
				CLANG_ANALYZER_NUMBER_OBJECT_CONVERSION = YES_AGGRESSIVE;
				CLANG_CXX_LANGUAGE_STANDARD = "gnu++17";
				CLANG_CXX_LIBRARY = "libc++";
				CLANG_ENABLE_MODULES = YES;
				CLANG_ENABLE_OBJC_ARC = YES;
				CLANG_ENABLE_OBJC_WEAK = YES;
				CLANG_WARN_BLOCK_CAPTURE_AUTORELEASING = YES;
				CLANG_WARN_BOOL_CONVERSION = YES;
				CLANG_WARN_COMMA = YES;
				CLANG_WARN_CONSTANT_CONVERSION = YES;
				CLANG_WARN_DEPRECATED_OBJC_IMPLEMENTATIONS = YES;
				CLANG_WARN_DIRECT_OBJC_ISA_USAGE = YES_ERROR;
				CLANG_WARN_DOCUMENTATION_COMMENTS = YES;
				CLANG_WARN_EMPTY_BODY = YES;
				CLANG_WARN_ENUM_CONVERSION = YES;
				CLANG_WARN_INFINITE_RECURSION = YES;
				CLANG_WARN_INT_CONVERSION = YES;
				CLANG_WARN_NON_LITERAL_NULL_CONVERSION = YES;
				CLANG_WARN_OBJC_IMPLICIT_RETAIN_SELF = YES;
				CLANG_WARN_OBJC_LITERAL_CONVERSION = YES;
				CLANG_WARN_OBJC_ROOT_CLASS = YES_ERROR;
				CLANG_WARN_QUOTED_INCLUDE_IN_FRAMEWORK_HEADER = YES;
				CLANG_WARN_RANGE_LOOP_ANALYSIS = YES;
				CLANG_WARN_STRICT_PROTOTYPES = YES;
				CLANG_WARN_SUSPICIOUS_MOVE = YES;
				CLANG_WARN_UNGUARDED_AVAILABILITY = YES_AGGRESSIVE;
				CLANG_WARN_UNREACHABLE_CODE = YES;
				CLANG_WARN__DUPLICATE_METHOD_MATCH = YES;
				COPY_PHASE_STRIP = NO;
				DEBUG_INFORMATION_FORMAT = dwarf;
				ENABLE_STRICT_OBJC_MSGSEND = YES;
				ENABLE_TESTABILITY = YES;
				GCC_C_LANGUAGE_STANDARD = gnu11;
				GCC_DYNAMIC_NO_PIC = NO;
				GCC_NO_COMMON_BLOCKS = YES;
				GCC_OPTIMIZATION_LEVEL = 0;
				GCC_PREPROCESSOR_DEFINITIONS = (
					"DEBUG=1",
					"$(inherited)",
				);
				GCC_WARN_64_TO_32_BIT_CONVERSION = YES;
				GCC_WARN_ABOUT_RETURN_TYPE = YES_ERROR;
				GCC_WARN_UNDECLARED_SELECTOR = YES;
				GCC_WARN_UNINITIALIZED_AUTOS = YES_AGGRESSIVE;
				GCC_WARN_UNUSED_FUNCTION = YES;
				GCC_WARN_UNUSED_VARIABLE = YES;
				MTL_ENABLE_DEBUG_INFO = INCLUDE_SOURCE;
				MTL_FAST_MATH = YES;
				ONLY_ACTIVE_ARCH = YES;
				SWIFT_ACTIVE_COMPILATION_CONDITIONS = DEBUG;
				SWIFT_OPTIMIZATION_LEVEL = "-Onone";
			};
			name = Debug;
		};
		84E2829A2739B6B500D21AD1 /* Release */ = {
			isa = XCBuildConfiguration;
			buildSettings = {
				ALWAYS_SEARCH_USER_PATHS = NO;
				CLANG_ANALYZER_NONNULL = YES;
				CLANG_ANALYZER_NUMBER_OBJECT_CONVERSION = YES_AGGRESSIVE;
				CLANG_CXX_LANGUAGE_STANDARD = "gnu++17";
				CLANG_CXX_LIBRARY = "libc++";
				CLANG_ENABLE_MODULES = YES;
				CLANG_ENABLE_OBJC_ARC = YES;
				CLANG_ENABLE_OBJC_WEAK = YES;
				CLANG_WARN_BLOCK_CAPTURE_AUTORELEASING = YES;
				CLANG_WARN_BOOL_CONVERSION = YES;
				CLANG_WARN_COMMA = YES;
				CLANG_WARN_CONSTANT_CONVERSION = YES;
				CLANG_WARN_DEPRECATED_OBJC_IMPLEMENTATIONS = YES;
				CLANG_WARN_DIRECT_OBJC_ISA_USAGE = YES_ERROR;
				CLANG_WARN_DOCUMENTATION_COMMENTS = YES;
				CLANG_WARN_EMPTY_BODY = YES;
				CLANG_WARN_ENUM_CONVERSION = YES;
				CLANG_WARN_INFINITE_RECURSION = YES;
				CLANG_WARN_INT_CONVERSION = YES;
				CLANG_WARN_NON_LITERAL_NULL_CONVERSION = YES;
				CLANG_WARN_OBJC_IMPLICIT_RETAIN_SELF = YES;
				CLANG_WARN_OBJC_LITERAL_CONVERSION = YES;
				CLANG_WARN_OBJC_ROOT_CLASS = YES_ERROR;
				CLANG_WARN_QUOTED_INCLUDE_IN_FRAMEWORK_HEADER = YES;
				CLANG_WARN_RANGE_LOOP_ANALYSIS = YES;
				CLANG_WARN_STRICT_PROTOTYPES = YES;
				CLANG_WARN_SUSPICIOUS_MOVE = YES;
				CLANG_WARN_UNGUARDED_AVAILABILITY = YES_AGGRESSIVE;
				CLANG_WARN_UNREACHABLE_CODE = YES;
				CLANG_WARN__DUPLICATE_METHOD_MATCH = YES;
				COPY_PHASE_STRIP = NO;
				DEBUG_INFORMATION_FORMAT = "dwarf-with-dsym";
				ENABLE_NS_ASSERTIONS = NO;
				ENABLE_STRICT_OBJC_MSGSEND = YES;
				GCC_C_LANGUAGE_STANDARD = gnu11;
				GCC_NO_COMMON_BLOCKS = YES;
				GCC_WARN_64_TO_32_BIT_CONVERSION = YES;
				GCC_WARN_ABOUT_RETURN_TYPE = YES_ERROR;
				GCC_WARN_UNDECLARED_SELECTOR = YES;
				GCC_WARN_UNINITIALIZED_AUTOS = YES_AGGRESSIVE;
				GCC_WARN_UNUSED_FUNCTION = YES;
				GCC_WARN_UNUSED_VARIABLE = YES;
				MTL_ENABLE_DEBUG_INFO = NO;
				MTL_FAST_MATH = YES;
				SWIFT_COMPILATION_MODE = wholemodule;
				SWIFT_OPTIMIZATION_LEVEL = "-O";
			};
			name = Release;
		};
		84E2829C2739B6B500D21AD1 /* Debug */ = {
			isa = XCBuildConfiguration;
			buildSettings = {
				ASSETCATALOG_COMPILER_APPICON_NAME = AppIcon;
				ASSETCATALOG_COMPILER_GLOBAL_ACCENT_COLOR_NAME = AccentColor;
				CODE_SIGN_STYLE = Automatic;
				CURRENT_PROJECT_VERSION = 1;
				DEVELOPMENT_TEAM = 7Z59B7C4MB;
				ENABLE_PREVIEWS = YES;
				GENERATE_INFOPLIST_FILE = YES;
				INFOPLIST_KEY_UIApplicationSceneManifest_Generation = YES;
				INFOPLIST_KEY_UIApplicationSupportsIndirectInputEvents = YES;
				INFOPLIST_KEY_UILaunchScreen_Generation = YES;
				INFOPLIST_KEY_UISupportedInterfaceOrientations_iPad = "UIInterfaceOrientationPortrait UIInterfaceOrientationPortraitUpsideDown UIInterfaceOrientationLandscapeLeft UIInterfaceOrientationLandscapeRight";
				INFOPLIST_KEY_UISupportedInterfaceOrientations_iPhone = "UIInterfaceOrientationPortrait UIInterfaceOrientationLandscapeLeft UIInterfaceOrientationLandscapeRight";
				IPHONEOS_DEPLOYMENT_TARGET = 15.0;
				LD_RUNPATH_SEARCH_PATHS = (
					"$(inherited)",
					"@executable_path/Frameworks",
				);
				MARKETING_VERSION = 1.0;
				PRODUCT_BUNDLE_IDENTIFIER = pmanot.GenerativeArt;
				PRODUCT_NAME = GenerativeArt;
				SDKROOT = iphoneos;
				SWIFT_EMIT_LOC_STRINGS = YES;
				SWIFT_VERSION = 5.0;
				TARGETED_DEVICE_FAMILY = "1,2";
			};
			name = Debug;
		};
		84E2829D2739B6B500D21AD1 /* Release */ = {
			isa = XCBuildConfiguration;
			buildSettings = {
				ASSETCATALOG_COMPILER_APPICON_NAME = AppIcon;
				ASSETCATALOG_COMPILER_GLOBAL_ACCENT_COLOR_NAME = AccentColor;
				CODE_SIGN_STYLE = Automatic;
				CURRENT_PROJECT_VERSION = 1;
				DEVELOPMENT_TEAM = 7Z59B7C4MB;
				ENABLE_PREVIEWS = YES;
				GENERATE_INFOPLIST_FILE = YES;
				INFOPLIST_KEY_UIApplicationSceneManifest_Generation = YES;
				INFOPLIST_KEY_UIApplicationSupportsIndirectInputEvents = YES;
				INFOPLIST_KEY_UILaunchScreen_Generation = YES;
				INFOPLIST_KEY_UISupportedInterfaceOrientations_iPad = "UIInterfaceOrientationPortrait UIInterfaceOrientationPortraitUpsideDown UIInterfaceOrientationLandscapeLeft UIInterfaceOrientationLandscapeRight";
				INFOPLIST_KEY_UISupportedInterfaceOrientations_iPhone = "UIInterfaceOrientationPortrait UIInterfaceOrientationLandscapeLeft UIInterfaceOrientationLandscapeRight";
				IPHONEOS_DEPLOYMENT_TARGET = 15.0;
				LD_RUNPATH_SEARCH_PATHS = (
					"$(inherited)",
					"@executable_path/Frameworks",
				);
				MARKETING_VERSION = 1.0;
				PRODUCT_BUNDLE_IDENTIFIER = pmanot.GenerativeArt;
				PRODUCT_NAME = GenerativeArt;
				SDKROOT = iphoneos;
				SWIFT_EMIT_LOC_STRINGS = YES;
				SWIFT_VERSION = 5.0;
				TARGETED_DEVICE_FAMILY = "1,2";
				VALIDATE_PRODUCT = YES;
			};
			name = Release;
		};
		84E2829F2739B6B500D21AD1 /* Debug */ = {
			isa = XCBuildConfiguration;
			buildSettings = {
				ASSETCATALOG_COMPILER_APPICON_NAME = AppIcon;
				ASSETCATALOG_COMPILER_GLOBAL_ACCENT_COLOR_NAME = AccentColor;
				CODE_SIGN_ENTITLEMENTS = macOS/macOS.entitlements;
				CODE_SIGN_STYLE = Automatic;
				COMBINE_HIDPI_IMAGES = YES;
				CURRENT_PROJECT_VERSION = 1;
				DEVELOPMENT_TEAM = 7Z59B7C4MB;
				ENABLE_HARDENED_RUNTIME = YES;
				ENABLE_PREVIEWS = YES;
				GENERATE_INFOPLIST_FILE = YES;
				INFOPLIST_KEY_NSHumanReadableCopyright = "";
				LD_RUNPATH_SEARCH_PATHS = (
					"$(inherited)",
					"@executable_path/../Frameworks",
				);
				MACOSX_DEPLOYMENT_TARGET = 12.0;
				MARKETING_VERSION = 1.0;
				PRODUCT_BUNDLE_IDENTIFIER = pmanot.GenerativeArt;
				PRODUCT_NAME = GenerativeArt;
				SDKROOT = macosx;
				SWIFT_EMIT_LOC_STRINGS = YES;
				SWIFT_VERSION = 5.0;
			};
			name = Debug;
		};
		84E282A02739B6B500D21AD1 /* Release */ = {
			isa = XCBuildConfiguration;
			buildSettings = {
				ASSETCATALOG_COMPILER_APPICON_NAME = AppIcon;
				ASSETCATALOG_COMPILER_GLOBAL_ACCENT_COLOR_NAME = AccentColor;
				CODE_SIGN_ENTITLEMENTS = macOS/macOS.entitlements;
				CODE_SIGN_STYLE = Automatic;
				COMBINE_HIDPI_IMAGES = YES;
				CURRENT_PROJECT_VERSION = 1;
				DEVELOPMENT_TEAM = 7Z59B7C4MB;
				ENABLE_HARDENED_RUNTIME = YES;
				ENABLE_PREVIEWS = YES;
				GENERATE_INFOPLIST_FILE = YES;
				INFOPLIST_KEY_NSHumanReadableCopyright = "";
				LD_RUNPATH_SEARCH_PATHS = (
					"$(inherited)",
					"@executable_path/../Frameworks",
				);
				MACOSX_DEPLOYMENT_TARGET = 12.0;
				MARKETING_VERSION = 1.0;
				PRODUCT_BUNDLE_IDENTIFIER = pmanot.GenerativeArt;
				PRODUCT_NAME = GenerativeArt;
				SDKROOT = macosx;
				SWIFT_EMIT_LOC_STRINGS = YES;
				SWIFT_VERSION = 5.0;
			};
			name = Release;
		};
		84E282A22739B6B500D21AD1 /* Debug */ = {
			isa = XCBuildConfiguration;
			buildSettings = {
				ALWAYS_EMBED_SWIFT_STANDARD_LIBRARIES = YES;
				CODE_SIGN_STYLE = Automatic;
				CURRENT_PROJECT_VERSION = 1;
				DEVELOPMENT_TEAM = 7Z59B7C4MB;
				GENERATE_INFOPLIST_FILE = YES;
				IPHONEOS_DEPLOYMENT_TARGET = 15.0;
				LD_RUNPATH_SEARCH_PATHS = (
					"$(inherited)",
					"@executable_path/Frameworks",
					"@loader_path/Frameworks",
				);
				MARKETING_VERSION = 1.0;
				PRODUCT_BUNDLE_IDENTIFIER = "pmanot.Tests-iOS";
				PRODUCT_NAME = "$(TARGET_NAME)";
				SDKROOT = iphoneos;
				SWIFT_EMIT_LOC_STRINGS = NO;
				SWIFT_VERSION = 5.0;
				TARGETED_DEVICE_FAMILY = "1,2";
				TEST_TARGET_NAME = "GenerativeArt (iOS)";
			};
			name = Debug;
		};
		84E282A32739B6B500D21AD1 /* Release */ = {
			isa = XCBuildConfiguration;
			buildSettings = {
				ALWAYS_EMBED_SWIFT_STANDARD_LIBRARIES = YES;
				CODE_SIGN_STYLE = Automatic;
				CURRENT_PROJECT_VERSION = 1;
				DEVELOPMENT_TEAM = 7Z59B7C4MB;
				GENERATE_INFOPLIST_FILE = YES;
				IPHONEOS_DEPLOYMENT_TARGET = 15.0;
				LD_RUNPATH_SEARCH_PATHS = (
					"$(inherited)",
					"@executable_path/Frameworks",
					"@loader_path/Frameworks",
				);
				MARKETING_VERSION = 1.0;
				PRODUCT_BUNDLE_IDENTIFIER = "pmanot.Tests-iOS";
				PRODUCT_NAME = "$(TARGET_NAME)";
				SDKROOT = iphoneos;
				SWIFT_EMIT_LOC_STRINGS = NO;
				SWIFT_VERSION = 5.0;
				TARGETED_DEVICE_FAMILY = "1,2";
				TEST_TARGET_NAME = "GenerativeArt (iOS)";
				VALIDATE_PRODUCT = YES;
			};
			name = Release;
		};
		84E282A52739B6B500D21AD1 /* Debug */ = {
			isa = XCBuildConfiguration;
			buildSettings = {
				ALWAYS_EMBED_SWIFT_STANDARD_LIBRARIES = YES;
				CODE_SIGN_STYLE = Automatic;
				COMBINE_HIDPI_IMAGES = YES;
				CURRENT_PROJECT_VERSION = 1;
				DEVELOPMENT_TEAM = 7Z59B7C4MB;
				GENERATE_INFOPLIST_FILE = YES;
				LD_RUNPATH_SEARCH_PATHS = (
					"$(inherited)",
					"@executable_path/../Frameworks",
					"@loader_path/../Frameworks",
				);
				MACOSX_DEPLOYMENT_TARGET = 12.0;
				MARKETING_VERSION = 1.0;
				PRODUCT_BUNDLE_IDENTIFIER = "pmanot.Tests-macOS";
				PRODUCT_NAME = "$(TARGET_NAME)";
				SDKROOT = macosx;
				SWIFT_EMIT_LOC_STRINGS = NO;
				SWIFT_VERSION = 5.0;
				TEST_TARGET_NAME = "GenerativeArt (macOS)";
			};
			name = Debug;
		};
		84E282A62739B6B500D21AD1 /* Release */ = {
			isa = XCBuildConfiguration;
			buildSettings = {
				ALWAYS_EMBED_SWIFT_STANDARD_LIBRARIES = YES;
				CODE_SIGN_STYLE = Automatic;
				COMBINE_HIDPI_IMAGES = YES;
				CURRENT_PROJECT_VERSION = 1;
				DEVELOPMENT_TEAM = 7Z59B7C4MB;
				GENERATE_INFOPLIST_FILE = YES;
				LD_RUNPATH_SEARCH_PATHS = (
					"$(inherited)",
					"@executable_path/../Frameworks",
					"@loader_path/../Frameworks",
				);
				MACOSX_DEPLOYMENT_TARGET = 12.0;
				MARKETING_VERSION = 1.0;
				PRODUCT_BUNDLE_IDENTIFIER = "pmanot.Tests-macOS";
				PRODUCT_NAME = "$(TARGET_NAME)";
				SDKROOT = macosx;
				SWIFT_EMIT_LOC_STRINGS = NO;
				SWIFT_VERSION = 5.0;
				TEST_TARGET_NAME = "GenerativeArt (macOS)";
			};
			name = Release;
		};
/* End XCBuildConfiguration section */

/* Begin XCConfigurationList section */
		84E282692739B6B300D21AD1 /* Build configuration list for PBXProject "GenerativeArt" */ = {
			isa = XCConfigurationList;
			buildConfigurations = (
				84E282992739B6B500D21AD1 /* Debug */,
				84E2829A2739B6B500D21AD1 /* Release */,
			);
			defaultConfigurationIsVisible = 0;
			defaultConfigurationName = Release;
		};
		84E2829B2739B6B500D21AD1 /* Build configuration list for PBXNativeTarget "GenerativeArt (iOS)" */ = {
			isa = XCConfigurationList;
			buildConfigurations = (
				84E2829C2739B6B500D21AD1 /* Debug */,
				84E2829D2739B6B500D21AD1 /* Release */,
			);
			defaultConfigurationIsVisible = 0;
			defaultConfigurationName = Release;
		};
		84E2829E2739B6B500D21AD1 /* Build configuration list for PBXNativeTarget "GenerativeArt (macOS)" */ = {
			isa = XCConfigurationList;
			buildConfigurations = (
				84E2829F2739B6B500D21AD1 /* Debug */,
				84E282A02739B6B500D21AD1 /* Release */,
			);
			defaultConfigurationIsVisible = 0;
			defaultConfigurationName = Release;
		};
		84E282A12739B6B500D21AD1 /* Build configuration list for PBXNativeTarget "Tests iOS" */ = {
			isa = XCConfigurationList;
			buildConfigurations = (
				84E282A22739B6B500D21AD1 /* Debug */,
				84E282A32739B6B500D21AD1 /* Release */,
			);
			defaultConfigurationIsVisible = 0;
			defaultConfigurationName = Release;
		};
		84E282A42739B6B500D21AD1 /* Build configuration list for PBXNativeTarget "Tests macOS" */ = {
			isa = XCConfigurationList;
			buildConfigurations = (
				84E282A52739B6B500D21AD1 /* Debug */,
				84E282A62739B6B500D21AD1 /* Release */,
			);
			defaultConfigurationIsVisible = 0;
			defaultConfigurationName = Release;
		};
/* End XCConfigurationList section */
	};
	rootObject = 84E282662739B6B300D21AD1 /* Project object */;
}
